
Microsoft Visual Studio Solution File, Format Version 12.00
# Visual Studio Version 17
VisualStudioVersion = 17.3.32611.2
MinimumVisualStudioVersion = 10.0.40219.1
Project("{9A19103F-16F7-4668-BE54-9A1E7A4F7556}") = "Core", "Core\Core.csproj", "{BE4922D2-08AF-437B-B8C9-C671D5F5B1BA}"
EndProject
Project("{9A19103F-16F7-4668-BE54-9A1E7A4F7556}") = "UnitTests", "UnitTests\UnitTests.csproj", "{B839617D-F26D-4256-B4FC-E36320802B13}"
EndProject
Project("{2150E333-8FDC-42A3-9474-1A3956D46DE8}") = "Solution Items", "Solution Items", "{FBE145BD-737C-47A5-BA88-A50ABAA81729}"
	ProjectSection(SolutionItems) = preProject
		.editorconfig = .editorconfig
		..\azure-pipelines.yml = ..\azure-pipelines.yml
		..\build.bat = ..\build.bat
		..\build.ps1 = ..\build.ps1
		..\BuildFunctions.ps1 = ..\BuildFunctions.ps1
		..\click_to_build.bat = ..\click_to_build.bat
		..\Dockerfile = ..\Dockerfile
		..\.github\workflows\dotnet.yml = ..\.github\workflows\dotnet.yml
		..\global.json = ..\global.json
		..\PrivateBuild.ps1 = ..\PrivateBuild.ps1
		..\README.md = ..\README.md
	EndProjectSection
EndProject
Project("{2150E333-8FDC-42A3-9474-1A3956D46DE8}") = "arch", "arch", "{20334D25-873D-49F0-A78B-003AB1D7D783}"
	ProjectSection(SolutionItems) = preProject
		..\arch\arch-c4-class-domain-model.puml = ..\arch\arch-c4-class-domain-model.puml
		..\arch\arch-c4-component-project-dependencies.puml = ..\arch\arch-c4-component-project-dependencies.puml
		..\arch\arch-c4-container-deployment.puml = ..\arch\arch-c4-container-deployment.puml
		..\arch\arch-c4-system.puml = ..\arch\arch-c4-system.puml
		..\arch\PlantUMLSetup.ps1 = ..\arch\PlantUMLSetup.ps1
		..\arch\SolutionStructure.png = ..\arch\SolutionStructure.png
	EndProjectSection
EndProject
Project("{9A19103F-16F7-4668-BE54-9A1E7A4F7556}") = "Database", "Database\Database.csproj", "{A1CAEE0D-32BC-46C9-9A91-A8E4B09F7875}"
EndProject
Project("{9A19103F-16F7-4668-BE54-9A1E7A4F7556}") = "IntegrationTests", "IntegrationTests\IntegrationTests.csproj", "{E0A4C832-C5DB-44DA-9F9D-A1BF5761D361}"
EndProject
Project("{9A19103F-16F7-4668-BE54-9A1E7A4F7556}") = "DataAccess", "DataAccess\DataAccess.csproj", "{637272DF-9DDB-420B-A3D1-174EB89DAD52}"
EndProject
Project("{9A19103F-16F7-4668-BE54-9A1E7A4F7556}") = "UI.Server", "UI\Server\UI.Server.csproj", "{752D3747-AA3A-488E-A612-82519E3656E4}"
EndProject
Project("{9A19103F-16F7-4668-BE54-9A1E7A4F7556}") = "UI.Client", "UI\Client\UI.Client.csproj", "{E39B94C7-B569-444E-900A-5B43848D11EC}"
EndProject
Project("{9A19103F-16F7-4668-BE54-9A1E7A4F7556}") = "UI.Api", "UI\Api\UI.Api.csproj", "{C1F774AE-0D4F-4377-BEB4-77C89CB56F05}"
EndProject
Project("{9A19103F-16F7-4668-BE54-9A1E7A4F7556}") = "AcceptanceTests", "AcceptanceTests\AcceptanceTests.csproj", "{803119BF-5B57-432B-962B-E34BBC014F65}"
EndProject
Project("{9A19103F-16F7-4668-BE54-9A1E7A4F7556}") = "UI.Maui", "UI\Maui\UI.Maui.csproj", "{F1C0E19A-F6A0-40ED-8B02-583B438EE077}"
EndProject
Project("{9A19103F-16F7-4668-BE54-9A1E7A4F7556}") = "UI.Wpf", "UI.Wpf\UI.Wpf.csproj", "{8A8BE567-D047-4671-8FAD-960132DFD3AF}"
EndProject
Project("{C7167F0D-BC9F-4E6E-AFE1-012C56B48DB5}") = "UI.Wpf.Install", "UI.Wpf.Install\UI.Wpf.Install.wapproj", "{BF394FED-6BBC-4CFB-BE82-CC89CC01D8E3}"
EndProject
Project("{9A19103F-16F7-4668-BE54-9A1E7A4F7556}") = "UI.Shared", "UI.Shared\UI.Shared.csproj", "{66B452FC-D12A-42A9-80E9-FC97074AC2B1}"
EndProject
Global
	GlobalSection(SolutionConfigurationPlatforms) = preSolution
		Debug|Any CPU = Debug|Any CPU
		Debug|ARM = Debug|ARM
		Debug|ARM64 = Debug|ARM64
		Debug|x64 = Debug|x64
		Debug|x86 = Debug|x86
		exclude-maui.slnf|Any CPU = exclude-maui.slnf|Any CPU
		exclude-maui.slnf|ARM = exclude-maui.slnf|ARM
		exclude-maui.slnf|ARM64 = exclude-maui.slnf|ARM64
		exclude-maui.slnf|x64 = exclude-maui.slnf|x64
		exclude-maui.slnf|x86 = exclude-maui.slnf|x86
		Release|Any CPU = Release|Any CPU
		Release|ARM = Release|ARM
		Release|ARM64 = Release|ARM64
		Release|x64 = Release|x64
		Release|x86 = Release|x86
	EndGlobalSection
	GlobalSection(ProjectConfigurationPlatforms) = postSolution
		{BE4922D2-08AF-437B-B8C9-C671D5F5B1BA}.Debug|Any CPU.ActiveCfg = Debug|Any CPU
		{BE4922D2-08AF-437B-B8C9-C671D5F5B1BA}.Debug|Any CPU.Build.0 = Debug|Any CPU
		{BE4922D2-08AF-437B-B8C9-C671D5F5B1BA}.Debug|ARM.ActiveCfg = Debug|Any CPU
		{BE4922D2-08AF-437B-B8C9-C671D5F5B1BA}.Debug|ARM.Build.0 = Debug|Any CPU
		{BE4922D2-08AF-437B-B8C9-C671D5F5B1BA}.Debug|ARM64.ActiveCfg = Debug|Any CPU
		{BE4922D2-08AF-437B-B8C9-C671D5F5B1BA}.Debug|ARM64.Build.0 = Debug|Any CPU
		{BE4922D2-08AF-437B-B8C9-C671D5F5B1BA}.Debug|x64.ActiveCfg = Debug|Any CPU
		{BE4922D2-08AF-437B-B8C9-C671D5F5B1BA}.Debug|x64.Build.0 = Debug|Any CPU
		{BE4922D2-08AF-437B-B8C9-C671D5F5B1BA}.Debug|x86.ActiveCfg = Debug|Any CPU
		{BE4922D2-08AF-437B-B8C9-C671D5F5B1BA}.Debug|x86.Build.0 = Debug|Any CPU
		{BE4922D2-08AF-437B-B8C9-C671D5F5B1BA}.exclude-maui.slnf|Any CPU.ActiveCfg = exclude-maui.slnf|Any CPU
		{BE4922D2-08AF-437B-B8C9-C671D5F5B1BA}.exclude-maui.slnf|Any CPU.Build.0 = exclude-maui.slnf|Any CPU
		{BE4922D2-08AF-437B-B8C9-C671D5F5B1BA}.exclude-maui.slnf|ARM.ActiveCfg = exclude-maui.slnf|Any CPU
		{BE4922D2-08AF-437B-B8C9-C671D5F5B1BA}.exclude-maui.slnf|ARM.Build.0 = exclude-maui.slnf|Any CPU
		{BE4922D2-08AF-437B-B8C9-C671D5F5B1BA}.exclude-maui.slnf|ARM64.ActiveCfg = exclude-maui.slnf|Any CPU
		{BE4922D2-08AF-437B-B8C9-C671D5F5B1BA}.exclude-maui.slnf|ARM64.Build.0 = exclude-maui.slnf|Any CPU
		{BE4922D2-08AF-437B-B8C9-C671D5F5B1BA}.exclude-maui.slnf|x64.ActiveCfg = exclude-maui.slnf|Any CPU
		{BE4922D2-08AF-437B-B8C9-C671D5F5B1BA}.exclude-maui.slnf|x64.Build.0 = exclude-maui.slnf|Any CPU
		{BE4922D2-08AF-437B-B8C9-C671D5F5B1BA}.exclude-maui.slnf|x86.ActiveCfg = exclude-maui.slnf|Any CPU
		{BE4922D2-08AF-437B-B8C9-C671D5F5B1BA}.exclude-maui.slnf|x86.Build.0 = exclude-maui.slnf|Any CPU
		{BE4922D2-08AF-437B-B8C9-C671D5F5B1BA}.Release|Any CPU.ActiveCfg = Release|Any CPU
		{BE4922D2-08AF-437B-B8C9-C671D5F5B1BA}.Release|Any CPU.Build.0 = Release|Any CPU
		{BE4922D2-08AF-437B-B8C9-C671D5F5B1BA}.Release|ARM.ActiveCfg = Release|Any CPU
		{BE4922D2-08AF-437B-B8C9-C671D5F5B1BA}.Release|ARM.Build.0 = Release|Any CPU
		{BE4922D2-08AF-437B-B8C9-C671D5F5B1BA}.Release|ARM64.ActiveCfg = Release|Any CPU
		{BE4922D2-08AF-437B-B8C9-C671D5F5B1BA}.Release|ARM64.Build.0 = Release|Any CPU
		{BE4922D2-08AF-437B-B8C9-C671D5F5B1BA}.Release|x64.ActiveCfg = Release|Any CPU
		{BE4922D2-08AF-437B-B8C9-C671D5F5B1BA}.Release|x64.Build.0 = Release|Any CPU
		{BE4922D2-08AF-437B-B8C9-C671D5F5B1BA}.Release|x86.ActiveCfg = Release|Any CPU
		{BE4922D2-08AF-437B-B8C9-C671D5F5B1BA}.Release|x86.Build.0 = Release|Any CPU
		{B839617D-F26D-4256-B4FC-E36320802B13}.Debug|Any CPU.ActiveCfg = Debug|Any CPU
		{B839617D-F26D-4256-B4FC-E36320802B13}.Debug|Any CPU.Build.0 = Debug|Any CPU
		{B839617D-F26D-4256-B4FC-E36320802B13}.Debug|ARM.ActiveCfg = Debug|Any CPU
		{B839617D-F26D-4256-B4FC-E36320802B13}.Debug|ARM.Build.0 = Debug|Any CPU
		{B839617D-F26D-4256-B4FC-E36320802B13}.Debug|ARM64.ActiveCfg = Debug|Any CPU
		{B839617D-F26D-4256-B4FC-E36320802B13}.Debug|ARM64.Build.0 = Debug|Any CPU
		{B839617D-F26D-4256-B4FC-E36320802B13}.Debug|x64.ActiveCfg = Debug|Any CPU
		{B839617D-F26D-4256-B4FC-E36320802B13}.Debug|x64.Build.0 = Debug|Any CPU
		{B839617D-F26D-4256-B4FC-E36320802B13}.Debug|x86.ActiveCfg = Debug|Any CPU
		{B839617D-F26D-4256-B4FC-E36320802B13}.Debug|x86.Build.0 = Debug|Any CPU
		{B839617D-F26D-4256-B4FC-E36320802B13}.exclude-maui.slnf|Any CPU.ActiveCfg = exclude-maui.slnf|Any CPU
		{B839617D-F26D-4256-B4FC-E36320802B13}.exclude-maui.slnf|Any CPU.Build.0 = exclude-maui.slnf|Any CPU
		{B839617D-F26D-4256-B4FC-E36320802B13}.exclude-maui.slnf|ARM.ActiveCfg = exclude-maui.slnf|Any CPU
		{B839617D-F26D-4256-B4FC-E36320802B13}.exclude-maui.slnf|ARM.Build.0 = exclude-maui.slnf|Any CPU
		{B839617D-F26D-4256-B4FC-E36320802B13}.exclude-maui.slnf|ARM64.ActiveCfg = exclude-maui.slnf|Any CPU
		{B839617D-F26D-4256-B4FC-E36320802B13}.exclude-maui.slnf|ARM64.Build.0 = exclude-maui.slnf|Any CPU
		{B839617D-F26D-4256-B4FC-E36320802B13}.exclude-maui.slnf|x64.ActiveCfg = exclude-maui.slnf|Any CPU
		{B839617D-F26D-4256-B4FC-E36320802B13}.exclude-maui.slnf|x64.Build.0 = exclude-maui.slnf|Any CPU
		{B839617D-F26D-4256-B4FC-E36320802B13}.exclude-maui.slnf|x86.ActiveCfg = exclude-maui.slnf|Any CPU
		{B839617D-F26D-4256-B4FC-E36320802B13}.exclude-maui.slnf|x86.Build.0 = exclude-maui.slnf|Any CPU
		{B839617D-F26D-4256-B4FC-E36320802B13}.Release|Any CPU.ActiveCfg = Release|Any CPU
		{B839617D-F26D-4256-B4FC-E36320802B13}.Release|Any CPU.Build.0 = Release|Any CPU
		{B839617D-F26D-4256-B4FC-E36320802B13}.Release|ARM.ActiveCfg = Release|Any CPU
		{B839617D-F26D-4256-B4FC-E36320802B13}.Release|ARM.Build.0 = Release|Any CPU
		{B839617D-F26D-4256-B4FC-E36320802B13}.Release|ARM64.ActiveCfg = Release|Any CPU
		{B839617D-F26D-4256-B4FC-E36320802B13}.Release|ARM64.Build.0 = Release|Any CPU
		{B839617D-F26D-4256-B4FC-E36320802B13}.Release|x64.ActiveCfg = Release|Any CPU
		{B839617D-F26D-4256-B4FC-E36320802B13}.Release|x64.Build.0 = Release|Any CPU
		{B839617D-F26D-4256-B4FC-E36320802B13}.Release|x86.ActiveCfg = Release|Any CPU
		{B839617D-F26D-4256-B4FC-E36320802B13}.Release|x86.Build.0 = Release|Any CPU
		{A1CAEE0D-32BC-46C9-9A91-A8E4B09F7875}.Debug|Any CPU.ActiveCfg = Debug|Any CPU
		{A1CAEE0D-32BC-46C9-9A91-A8E4B09F7875}.Debug|Any CPU.Build.0 = Debug|Any CPU
		{A1CAEE0D-32BC-46C9-9A91-A8E4B09F7875}.Debug|ARM.ActiveCfg = Debug|Any CPU
		{A1CAEE0D-32BC-46C9-9A91-A8E4B09F7875}.Debug|ARM.Build.0 = Debug|Any CPU
		{A1CAEE0D-32BC-46C9-9A91-A8E4B09F7875}.Debug|ARM64.ActiveCfg = Debug|Any CPU
		{A1CAEE0D-32BC-46C9-9A91-A8E4B09F7875}.Debug|ARM64.Build.0 = Debug|Any CPU
		{A1CAEE0D-32BC-46C9-9A91-A8E4B09F7875}.Debug|x64.ActiveCfg = Debug|Any CPU
		{A1CAEE0D-32BC-46C9-9A91-A8E4B09F7875}.Debug|x64.Build.0 = Debug|Any CPU
		{A1CAEE0D-32BC-46C9-9A91-A8E4B09F7875}.Debug|x86.ActiveCfg = Debug|Any CPU
		{A1CAEE0D-32BC-46C9-9A91-A8E4B09F7875}.Debug|x86.Build.0 = Debug|Any CPU
		{A1CAEE0D-32BC-46C9-9A91-A8E4B09F7875}.exclude-maui.slnf|Any CPU.ActiveCfg = exclude-maui.slnf|Any CPU
		{A1CAEE0D-32BC-46C9-9A91-A8E4B09F7875}.exclude-maui.slnf|Any CPU.Build.0 = exclude-maui.slnf|Any CPU
		{A1CAEE0D-32BC-46C9-9A91-A8E4B09F7875}.exclude-maui.slnf|ARM.ActiveCfg = exclude-maui.slnf|Any CPU
		{A1CAEE0D-32BC-46C9-9A91-A8E4B09F7875}.exclude-maui.slnf|ARM.Build.0 = exclude-maui.slnf|Any CPU
		{A1CAEE0D-32BC-46C9-9A91-A8E4B09F7875}.exclude-maui.slnf|ARM64.ActiveCfg = exclude-maui.slnf|Any CPU
		{A1CAEE0D-32BC-46C9-9A91-A8E4B09F7875}.exclude-maui.slnf|ARM64.Build.0 = exclude-maui.slnf|Any CPU
		{A1CAEE0D-32BC-46C9-9A91-A8E4B09F7875}.exclude-maui.slnf|x64.ActiveCfg = exclude-maui.slnf|Any CPU
		{A1CAEE0D-32BC-46C9-9A91-A8E4B09F7875}.exclude-maui.slnf|x64.Build.0 = exclude-maui.slnf|Any CPU
		{A1CAEE0D-32BC-46C9-9A91-A8E4B09F7875}.exclude-maui.slnf|x86.ActiveCfg = exclude-maui.slnf|Any CPU
		{A1CAEE0D-32BC-46C9-9A91-A8E4B09F7875}.exclude-maui.slnf|x86.Build.0 = exclude-maui.slnf|Any CPU
		{A1CAEE0D-32BC-46C9-9A91-A8E4B09F7875}.Release|Any CPU.ActiveCfg = Release|Any CPU
		{A1CAEE0D-32BC-46C9-9A91-A8E4B09F7875}.Release|Any CPU.Build.0 = Release|Any CPU
		{A1CAEE0D-32BC-46C9-9A91-A8E4B09F7875}.Release|ARM.ActiveCfg = Release|Any CPU
		{A1CAEE0D-32BC-46C9-9A91-A8E4B09F7875}.Release|ARM.Build.0 = Release|Any CPU
		{A1CAEE0D-32BC-46C9-9A91-A8E4B09F7875}.Release|ARM64.ActiveCfg = Release|Any CPU
		{A1CAEE0D-32BC-46C9-9A91-A8E4B09F7875}.Release|ARM64.Build.0 = Release|Any CPU
		{A1CAEE0D-32BC-46C9-9A91-A8E4B09F7875}.Release|x64.ActiveCfg = Release|Any CPU
		{A1CAEE0D-32BC-46C9-9A91-A8E4B09F7875}.Release|x64.Build.0 = Release|Any CPU
		{A1CAEE0D-32BC-46C9-9A91-A8E4B09F7875}.Release|x86.ActiveCfg = Release|Any CPU
		{A1CAEE0D-32BC-46C9-9A91-A8E4B09F7875}.Release|x86.Build.0 = Release|Any CPU
		{E0A4C832-C5DB-44DA-9F9D-A1BF5761D361}.Debug|Any CPU.ActiveCfg = Debug|Any CPU
		{E0A4C832-C5DB-44DA-9F9D-A1BF5761D361}.Debug|Any CPU.Build.0 = Debug|Any CPU
		{E0A4C832-C5DB-44DA-9F9D-A1BF5761D361}.Debug|ARM.ActiveCfg = Debug|Any CPU
		{E0A4C832-C5DB-44DA-9F9D-A1BF5761D361}.Debug|ARM.Build.0 = Debug|Any CPU
		{E0A4C832-C5DB-44DA-9F9D-A1BF5761D361}.Debug|ARM64.ActiveCfg = Debug|Any CPU
		{E0A4C832-C5DB-44DA-9F9D-A1BF5761D361}.Debug|ARM64.Build.0 = Debug|Any CPU
		{E0A4C832-C5DB-44DA-9F9D-A1BF5761D361}.Debug|x64.ActiveCfg = Debug|Any CPU
		{E0A4C832-C5DB-44DA-9F9D-A1BF5761D361}.Debug|x64.Build.0 = Debug|Any CPU
		{E0A4C832-C5DB-44DA-9F9D-A1BF5761D361}.Debug|x86.ActiveCfg = Debug|Any CPU
		{E0A4C832-C5DB-44DA-9F9D-A1BF5761D361}.Debug|x86.Build.0 = Debug|Any CPU
		{E0A4C832-C5DB-44DA-9F9D-A1BF5761D361}.exclude-maui.slnf|Any CPU.ActiveCfg = exclude-maui.slnf|Any CPU
		{E0A4C832-C5DB-44DA-9F9D-A1BF5761D361}.exclude-maui.slnf|Any CPU.Build.0 = exclude-maui.slnf|Any CPU
		{E0A4C832-C5DB-44DA-9F9D-A1BF5761D361}.exclude-maui.slnf|ARM.ActiveCfg = exclude-maui.slnf|Any CPU
		{E0A4C832-C5DB-44DA-9F9D-A1BF5761D361}.exclude-maui.slnf|ARM.Build.0 = exclude-maui.slnf|Any CPU
		{E0A4C832-C5DB-44DA-9F9D-A1BF5761D361}.exclude-maui.slnf|ARM64.ActiveCfg = exclude-maui.slnf|Any CPU
		{E0A4C832-C5DB-44DA-9F9D-A1BF5761D361}.exclude-maui.slnf|ARM64.Build.0 = exclude-maui.slnf|Any CPU
		{E0A4C832-C5DB-44DA-9F9D-A1BF5761D361}.exclude-maui.slnf|x64.ActiveCfg = exclude-maui.slnf|Any CPU
		{E0A4C832-C5DB-44DA-9F9D-A1BF5761D361}.exclude-maui.slnf|x64.Build.0 = exclude-maui.slnf|Any CPU
		{E0A4C832-C5DB-44DA-9F9D-A1BF5761D361}.exclude-maui.slnf|x86.ActiveCfg = exclude-maui.slnf|Any CPU
		{E0A4C832-C5DB-44DA-9F9D-A1BF5761D361}.exclude-maui.slnf|x86.Build.0 = exclude-maui.slnf|Any CPU
		{E0A4C832-C5DB-44DA-9F9D-A1BF5761D361}.Release|Any CPU.ActiveCfg = Release|Any CPU
		{E0A4C832-C5DB-44DA-9F9D-A1BF5761D361}.Release|Any CPU.Build.0 = Release|Any CPU
		{E0A4C832-C5DB-44DA-9F9D-A1BF5761D361}.Release|ARM.ActiveCfg = Release|Any CPU
		{E0A4C832-C5DB-44DA-9F9D-A1BF5761D361}.Release|ARM.Build.0 = Release|Any CPU
		{E0A4C832-C5DB-44DA-9F9D-A1BF5761D361}.Release|ARM64.ActiveCfg = Release|Any CPU
		{E0A4C832-C5DB-44DA-9F9D-A1BF5761D361}.Release|ARM64.Build.0 = Release|Any CPU
		{E0A4C832-C5DB-44DA-9F9D-A1BF5761D361}.Release|x64.ActiveCfg = Release|Any CPU
		{E0A4C832-C5DB-44DA-9F9D-A1BF5761D361}.Release|x64.Build.0 = Release|Any CPU
		{E0A4C832-C5DB-44DA-9F9D-A1BF5761D361}.Release|x86.ActiveCfg = Release|Any CPU
		{E0A4C832-C5DB-44DA-9F9D-A1BF5761D361}.Release|x86.Build.0 = Release|Any CPU
		{637272DF-9DDB-420B-A3D1-174EB89DAD52}.Debug|Any CPU.ActiveCfg = Debug|Any CPU
		{637272DF-9DDB-420B-A3D1-174EB89DAD52}.Debug|Any CPU.Build.0 = Debug|Any CPU
		{637272DF-9DDB-420B-A3D1-174EB89DAD52}.Debug|ARM.ActiveCfg = Debug|Any CPU
		{637272DF-9DDB-420B-A3D1-174EB89DAD52}.Debug|ARM.Build.0 = Debug|Any CPU
		{637272DF-9DDB-420B-A3D1-174EB89DAD52}.Debug|ARM64.ActiveCfg = Debug|Any CPU
		{637272DF-9DDB-420B-A3D1-174EB89DAD52}.Debug|ARM64.Build.0 = Debug|Any CPU
		{637272DF-9DDB-420B-A3D1-174EB89DAD52}.Debug|x64.ActiveCfg = Debug|Any CPU
		{637272DF-9DDB-420B-A3D1-174EB89DAD52}.Debug|x64.Build.0 = Debug|Any CPU
		{637272DF-9DDB-420B-A3D1-174EB89DAD52}.Debug|x86.ActiveCfg = Debug|Any CPU
		{637272DF-9DDB-420B-A3D1-174EB89DAD52}.Debug|x86.Build.0 = Debug|Any CPU
		{637272DF-9DDB-420B-A3D1-174EB89DAD52}.exclude-maui.slnf|Any CPU.ActiveCfg = exclude-maui.slnf|Any CPU
		{637272DF-9DDB-420B-A3D1-174EB89DAD52}.exclude-maui.slnf|Any CPU.Build.0 = exclude-maui.slnf|Any CPU
		{637272DF-9DDB-420B-A3D1-174EB89DAD52}.exclude-maui.slnf|ARM.ActiveCfg = exclude-maui.slnf|Any CPU
		{637272DF-9DDB-420B-A3D1-174EB89DAD52}.exclude-maui.slnf|ARM.Build.0 = exclude-maui.slnf|Any CPU
		{637272DF-9DDB-420B-A3D1-174EB89DAD52}.exclude-maui.slnf|ARM64.ActiveCfg = exclude-maui.slnf|Any CPU
		{637272DF-9DDB-420B-A3D1-174EB89DAD52}.exclude-maui.slnf|ARM64.Build.0 = exclude-maui.slnf|Any CPU
		{637272DF-9DDB-420B-A3D1-174EB89DAD52}.exclude-maui.slnf|x64.ActiveCfg = exclude-maui.slnf|Any CPU
		{637272DF-9DDB-420B-A3D1-174EB89DAD52}.exclude-maui.slnf|x64.Build.0 = exclude-maui.slnf|Any CPU
		{637272DF-9DDB-420B-A3D1-174EB89DAD52}.exclude-maui.slnf|x86.ActiveCfg = exclude-maui.slnf|Any CPU
		{637272DF-9DDB-420B-A3D1-174EB89DAD52}.exclude-maui.slnf|x86.Build.0 = exclude-maui.slnf|Any CPU
		{637272DF-9DDB-420B-A3D1-174EB89DAD52}.Release|Any CPU.ActiveCfg = Release|Any CPU
		{637272DF-9DDB-420B-A3D1-174EB89DAD52}.Release|Any CPU.Build.0 = Release|Any CPU
		{637272DF-9DDB-420B-A3D1-174EB89DAD52}.Release|ARM.ActiveCfg = Release|Any CPU
		{637272DF-9DDB-420B-A3D1-174EB89DAD52}.Release|ARM.Build.0 = Release|Any CPU
		{637272DF-9DDB-420B-A3D1-174EB89DAD52}.Release|ARM64.ActiveCfg = Release|Any CPU
		{637272DF-9DDB-420B-A3D1-174EB89DAD52}.Release|ARM64.Build.0 = Release|Any CPU
		{637272DF-9DDB-420B-A3D1-174EB89DAD52}.Release|x64.ActiveCfg = Release|Any CPU
		{637272DF-9DDB-420B-A3D1-174EB89DAD52}.Release|x64.Build.0 = Release|Any CPU
		{637272DF-9DDB-420B-A3D1-174EB89DAD52}.Release|x86.ActiveCfg = Release|Any CPU
		{637272DF-9DDB-420B-A3D1-174EB89DAD52}.Release|x86.Build.0 = Release|Any CPU
		{752D3747-AA3A-488E-A612-82519E3656E4}.Debug|Any CPU.ActiveCfg = Debug|Any CPU
		{752D3747-AA3A-488E-A612-82519E3656E4}.Debug|Any CPU.Build.0 = Debug|Any CPU
		{752D3747-AA3A-488E-A612-82519E3656E4}.Debug|ARM.ActiveCfg = Debug|Any CPU
		{752D3747-AA3A-488E-A612-82519E3656E4}.Debug|ARM.Build.0 = Debug|Any CPU
		{752D3747-AA3A-488E-A612-82519E3656E4}.Debug|ARM64.ActiveCfg = Debug|Any CPU
		{752D3747-AA3A-488E-A612-82519E3656E4}.Debug|ARM64.Build.0 = Debug|Any CPU
		{752D3747-AA3A-488E-A612-82519E3656E4}.Debug|x64.ActiveCfg = Debug|Any CPU
		{752D3747-AA3A-488E-A612-82519E3656E4}.Debug|x64.Build.0 = Debug|Any CPU
		{752D3747-AA3A-488E-A612-82519E3656E4}.Debug|x86.ActiveCfg = Debug|Any CPU
		{752D3747-AA3A-488E-A612-82519E3656E4}.Debug|x86.Build.0 = Debug|Any CPU
		{752D3747-AA3A-488E-A612-82519E3656E4}.exclude-maui.slnf|Any CPU.ActiveCfg = exclude-maui.slnf|Any CPU
		{752D3747-AA3A-488E-A612-82519E3656E4}.exclude-maui.slnf|Any CPU.Build.0 = exclude-maui.slnf|Any CPU
		{752D3747-AA3A-488E-A612-82519E3656E4}.exclude-maui.slnf|ARM.ActiveCfg = exclude-maui.slnf|Any CPU
		{752D3747-AA3A-488E-A612-82519E3656E4}.exclude-maui.slnf|ARM.Build.0 = exclude-maui.slnf|Any CPU
		{752D3747-AA3A-488E-A612-82519E3656E4}.exclude-maui.slnf|ARM64.ActiveCfg = exclude-maui.slnf|Any CPU
		{752D3747-AA3A-488E-A612-82519E3656E4}.exclude-maui.slnf|ARM64.Build.0 = exclude-maui.slnf|Any CPU
		{752D3747-AA3A-488E-A612-82519E3656E4}.exclude-maui.slnf|x64.ActiveCfg = exclude-maui.slnf|Any CPU
		{752D3747-AA3A-488E-A612-82519E3656E4}.exclude-maui.slnf|x64.Build.0 = exclude-maui.slnf|Any CPU
		{752D3747-AA3A-488E-A612-82519E3656E4}.exclude-maui.slnf|x86.ActiveCfg = exclude-maui.slnf|Any CPU
		{752D3747-AA3A-488E-A612-82519E3656E4}.exclude-maui.slnf|x86.Build.0 = exclude-maui.slnf|Any CPU
		{752D3747-AA3A-488E-A612-82519E3656E4}.Release|Any CPU.ActiveCfg = Release|Any CPU
		{752D3747-AA3A-488E-A612-82519E3656E4}.Release|Any CPU.Build.0 = Release|Any CPU
		{752D3747-AA3A-488E-A612-82519E3656E4}.Release|ARM.ActiveCfg = Release|Any CPU
		{752D3747-AA3A-488E-A612-82519E3656E4}.Release|ARM.Build.0 = Release|Any CPU
		{752D3747-AA3A-488E-A612-82519E3656E4}.Release|ARM64.ActiveCfg = Release|Any CPU
		{752D3747-AA3A-488E-A612-82519E3656E4}.Release|ARM64.Build.0 = Release|Any CPU
		{752D3747-AA3A-488E-A612-82519E3656E4}.Release|x64.ActiveCfg = Release|Any CPU
		{752D3747-AA3A-488E-A612-82519E3656E4}.Release|x64.Build.0 = Release|Any CPU
		{752D3747-AA3A-488E-A612-82519E3656E4}.Release|x86.ActiveCfg = Release|Any CPU
		{752D3747-AA3A-488E-A612-82519E3656E4}.Release|x86.Build.0 = Release|Any CPU
		{E39B94C7-B569-444E-900A-5B43848D11EC}.Debug|Any CPU.ActiveCfg = Debug|Any CPU
		{E39B94C7-B569-444E-900A-5B43848D11EC}.Debug|Any CPU.Build.0 = Debug|Any CPU
		{E39B94C7-B569-444E-900A-5B43848D11EC}.Debug|ARM.ActiveCfg = Debug|Any CPU
		{E39B94C7-B569-444E-900A-5B43848D11EC}.Debug|ARM.Build.0 = Debug|Any CPU
		{E39B94C7-B569-444E-900A-5B43848D11EC}.Debug|ARM64.ActiveCfg = Debug|Any CPU
		{E39B94C7-B569-444E-900A-5B43848D11EC}.Debug|ARM64.Build.0 = Debug|Any CPU
		{E39B94C7-B569-444E-900A-5B43848D11EC}.Debug|x64.ActiveCfg = Debug|Any CPU
		{E39B94C7-B569-444E-900A-5B43848D11EC}.Debug|x64.Build.0 = Debug|Any CPU
		{E39B94C7-B569-444E-900A-5B43848D11EC}.Debug|x86.ActiveCfg = Debug|Any CPU
		{E39B94C7-B569-444E-900A-5B43848D11EC}.Debug|x86.Build.0 = Debug|Any CPU
		{E39B94C7-B569-444E-900A-5B43848D11EC}.exclude-maui.slnf|Any CPU.ActiveCfg = exclude-maui.slnf|Any CPU
		{E39B94C7-B569-444E-900A-5B43848D11EC}.exclude-maui.slnf|Any CPU.Build.0 = exclude-maui.slnf|Any CPU
		{E39B94C7-B569-444E-900A-5B43848D11EC}.exclude-maui.slnf|ARM.ActiveCfg = exclude-maui.slnf|Any CPU
		{E39B94C7-B569-444E-900A-5B43848D11EC}.exclude-maui.slnf|ARM.Build.0 = exclude-maui.slnf|Any CPU
		{E39B94C7-B569-444E-900A-5B43848D11EC}.exclude-maui.slnf|ARM64.ActiveCfg = exclude-maui.slnf|Any CPU
		{E39B94C7-B569-444E-900A-5B43848D11EC}.exclude-maui.slnf|ARM64.Build.0 = exclude-maui.slnf|Any CPU
		{E39B94C7-B569-444E-900A-5B43848D11EC}.exclude-maui.slnf|x64.ActiveCfg = exclude-maui.slnf|Any CPU
		{E39B94C7-B569-444E-900A-5B43848D11EC}.exclude-maui.slnf|x64.Build.0 = exclude-maui.slnf|Any CPU
		{E39B94C7-B569-444E-900A-5B43848D11EC}.exclude-maui.slnf|x86.ActiveCfg = exclude-maui.slnf|Any CPU
		{E39B94C7-B569-444E-900A-5B43848D11EC}.exclude-maui.slnf|x86.Build.0 = exclude-maui.slnf|Any CPU
		{E39B94C7-B569-444E-900A-5B43848D11EC}.Release|Any CPU.ActiveCfg = Release|Any CPU
		{E39B94C7-B569-444E-900A-5B43848D11EC}.Release|Any CPU.Build.0 = Release|Any CPU
		{E39B94C7-B569-444E-900A-5B43848D11EC}.Release|ARM.ActiveCfg = Release|Any CPU
		{E39B94C7-B569-444E-900A-5B43848D11EC}.Release|ARM.Build.0 = Release|Any CPU
		{E39B94C7-B569-444E-900A-5B43848D11EC}.Release|ARM64.ActiveCfg = Release|Any CPU
		{E39B94C7-B569-444E-900A-5B43848D11EC}.Release|ARM64.Build.0 = Release|Any CPU
		{E39B94C7-B569-444E-900A-5B43848D11EC}.Release|x64.ActiveCfg = Release|Any CPU
		{E39B94C7-B569-444E-900A-5B43848D11EC}.Release|x64.Build.0 = Release|Any CPU
		{E39B94C7-B569-444E-900A-5B43848D11EC}.Release|x86.ActiveCfg = Release|Any CPU
		{E39B94C7-B569-444E-900A-5B43848D11EC}.Release|x86.Build.0 = Release|Any CPU
		{C1F774AE-0D4F-4377-BEB4-77C89CB56F05}.Debug|Any CPU.ActiveCfg = Debug|Any CPU
		{C1F774AE-0D4F-4377-BEB4-77C89CB56F05}.Debug|Any CPU.Build.0 = Debug|Any CPU
		{C1F774AE-0D4F-4377-BEB4-77C89CB56F05}.Debug|ARM.ActiveCfg = Debug|Any CPU
		{C1F774AE-0D4F-4377-BEB4-77C89CB56F05}.Debug|ARM.Build.0 = Debug|Any CPU
		{C1F774AE-0D4F-4377-BEB4-77C89CB56F05}.Debug|ARM64.ActiveCfg = Debug|Any CPU
		{C1F774AE-0D4F-4377-BEB4-77C89CB56F05}.Debug|ARM64.Build.0 = Debug|Any CPU
		{C1F774AE-0D4F-4377-BEB4-77C89CB56F05}.Debug|x64.ActiveCfg = Debug|Any CPU
		{C1F774AE-0D4F-4377-BEB4-77C89CB56F05}.Debug|x64.Build.0 = Debug|Any CPU
		{C1F774AE-0D4F-4377-BEB4-77C89CB56F05}.Debug|x86.ActiveCfg = Debug|Any CPU
		{C1F774AE-0D4F-4377-BEB4-77C89CB56F05}.Debug|x86.Build.0 = Debug|Any CPU
		{C1F774AE-0D4F-4377-BEB4-77C89CB56F05}.exclude-maui.slnf|Any CPU.ActiveCfg = exclude-maui.slnf|Any CPU
		{C1F774AE-0D4F-4377-BEB4-77C89CB56F05}.exclude-maui.slnf|Any CPU.Build.0 = exclude-maui.slnf|Any CPU
		{C1F774AE-0D4F-4377-BEB4-77C89CB56F05}.exclude-maui.slnf|ARM.ActiveCfg = exclude-maui.slnf|Any CPU
		{C1F774AE-0D4F-4377-BEB4-77C89CB56F05}.exclude-maui.slnf|ARM.Build.0 = exclude-maui.slnf|Any CPU
		{C1F774AE-0D4F-4377-BEB4-77C89CB56F05}.exclude-maui.slnf|ARM64.ActiveCfg = exclude-maui.slnf|Any CPU
		{C1F774AE-0D4F-4377-BEB4-77C89CB56F05}.exclude-maui.slnf|ARM64.Build.0 = exclude-maui.slnf|Any CPU
		{C1F774AE-0D4F-4377-BEB4-77C89CB56F05}.exclude-maui.slnf|x64.ActiveCfg = exclude-maui.slnf|Any CPU
		{C1F774AE-0D4F-4377-BEB4-77C89CB56F05}.exclude-maui.slnf|x64.Build.0 = exclude-maui.slnf|Any CPU
		{C1F774AE-0D4F-4377-BEB4-77C89CB56F05}.exclude-maui.slnf|x86.ActiveCfg = exclude-maui.slnf|Any CPU
		{C1F774AE-0D4F-4377-BEB4-77C89CB56F05}.exclude-maui.slnf|x86.Build.0 = exclude-maui.slnf|Any CPU
		{C1F774AE-0D4F-4377-BEB4-77C89CB56F05}.Release|Any CPU.ActiveCfg = Release|Any CPU
		{C1F774AE-0D4F-4377-BEB4-77C89CB56F05}.Release|Any CPU.Build.0 = Release|Any CPU
		{C1F774AE-0D4F-4377-BEB4-77C89CB56F05}.Release|ARM.ActiveCfg = Release|Any CPU
		{C1F774AE-0D4F-4377-BEB4-77C89CB56F05}.Release|ARM.Build.0 = Release|Any CPU
		{C1F774AE-0D4F-4377-BEB4-77C89CB56F05}.Release|ARM64.ActiveCfg = Release|Any CPU
		{C1F774AE-0D4F-4377-BEB4-77C89CB56F05}.Release|ARM64.Build.0 = Release|Any CPU
		{C1F774AE-0D4F-4377-BEB4-77C89CB56F05}.Release|x64.ActiveCfg = Release|Any CPU
		{C1F774AE-0D4F-4377-BEB4-77C89CB56F05}.Release|x64.Build.0 = Release|Any CPU
		{C1F774AE-0D4F-4377-BEB4-77C89CB56F05}.Release|x86.ActiveCfg = Release|Any CPU
		{C1F774AE-0D4F-4377-BEB4-77C89CB56F05}.Release|x86.Build.0 = Release|Any CPU
		{803119BF-5B57-432B-962B-E34BBC014F65}.Debug|Any CPU.ActiveCfg = Debug|Any CPU
		{803119BF-5B57-432B-962B-E34BBC014F65}.Debug|Any CPU.Build.0 = Debug|Any CPU
		{803119BF-5B57-432B-962B-E34BBC014F65}.Debug|ARM.ActiveCfg = Debug|Any CPU
		{803119BF-5B57-432B-962B-E34BBC014F65}.Debug|ARM.Build.0 = Debug|Any CPU
		{803119BF-5B57-432B-962B-E34BBC014F65}.Debug|ARM64.ActiveCfg = Debug|Any CPU
		{803119BF-5B57-432B-962B-E34BBC014F65}.Debug|ARM64.Build.0 = Debug|Any CPU
		{803119BF-5B57-432B-962B-E34BBC014F65}.Debug|x64.ActiveCfg = Debug|Any CPU
		{803119BF-5B57-432B-962B-E34BBC014F65}.Debug|x64.Build.0 = Debug|Any CPU
		{803119BF-5B57-432B-962B-E34BBC014F65}.Debug|x86.ActiveCfg = Debug|Any CPU
		{803119BF-5B57-432B-962B-E34BBC014F65}.Debug|x86.Build.0 = Debug|Any CPU
		{803119BF-5B57-432B-962B-E34BBC014F65}.exclude-maui.slnf|Any CPU.ActiveCfg = exclude-maui.slnf|Any CPU
		{803119BF-5B57-432B-962B-E34BBC014F65}.exclude-maui.slnf|Any CPU.Build.0 = exclude-maui.slnf|Any CPU
		{803119BF-5B57-432B-962B-E34BBC014F65}.exclude-maui.slnf|ARM.ActiveCfg = exclude-maui.slnf|Any CPU
		{803119BF-5B57-432B-962B-E34BBC014F65}.exclude-maui.slnf|ARM.Build.0 = exclude-maui.slnf|Any CPU
		{803119BF-5B57-432B-962B-E34BBC014F65}.exclude-maui.slnf|ARM64.ActiveCfg = exclude-maui.slnf|Any CPU
		{803119BF-5B57-432B-962B-E34BBC014F65}.exclude-maui.slnf|ARM64.Build.0 = exclude-maui.slnf|Any CPU
		{803119BF-5B57-432B-962B-E34BBC014F65}.exclude-maui.slnf|x64.ActiveCfg = exclude-maui.slnf|Any CPU
		{803119BF-5B57-432B-962B-E34BBC014F65}.exclude-maui.slnf|x64.Build.0 = exclude-maui.slnf|Any CPU
		{803119BF-5B57-432B-962B-E34BBC014F65}.exclude-maui.slnf|x86.ActiveCfg = exclude-maui.slnf|Any CPU
		{803119BF-5B57-432B-962B-E34BBC014F65}.exclude-maui.slnf|x86.Build.0 = exclude-maui.slnf|Any CPU
		{803119BF-5B57-432B-962B-E34BBC014F65}.Release|Any CPU.ActiveCfg = Release|Any CPU
		{803119BF-5B57-432B-962B-E34BBC014F65}.Release|Any CPU.Build.0 = Release|Any CPU
		{803119BF-5B57-432B-962B-E34BBC014F65}.Release|ARM.ActiveCfg = Release|Any CPU
		{803119BF-5B57-432B-962B-E34BBC014F65}.Release|ARM.Build.0 = Release|Any CPU
		{803119BF-5B57-432B-962B-E34BBC014F65}.Release|ARM64.ActiveCfg = Release|Any CPU
		{803119BF-5B57-432B-962B-E34BBC014F65}.Release|ARM64.Build.0 = Release|Any CPU
		{803119BF-5B57-432B-962B-E34BBC014F65}.Release|x64.ActiveCfg = Release|Any CPU
		{803119BF-5B57-432B-962B-E34BBC014F65}.Release|x64.Build.0 = Release|Any CPU
		{803119BF-5B57-432B-962B-E34BBC014F65}.Release|x86.ActiveCfg = Release|Any CPU
		{803119BF-5B57-432B-962B-E34BBC014F65}.Release|x86.Build.0 = Release|Any CPU
		{F1C0E19A-F6A0-40ED-8B02-583B438EE077}.Debug|Any CPU.ActiveCfg = Debug|Any CPU
		{F1C0E19A-F6A0-40ED-8B02-583B438EE077}.Debug|Any CPU.Build.0 = Debug|Any CPU
		{F1C0E19A-F6A0-40ED-8B02-583B438EE077}.Debug|Any CPU.Deploy.0 = Debug|Any CPU
		{F1C0E19A-F6A0-40ED-8B02-583B438EE077}.Debug|ARM.ActiveCfg = Debug|Any CPU
		{F1C0E19A-F6A0-40ED-8B02-583B438EE077}.Debug|ARM.Build.0 = Debug|Any CPU
		{F1C0E19A-F6A0-40ED-8B02-583B438EE077}.Debug|ARM.Deploy.0 = Debug|Any CPU
		{F1C0E19A-F6A0-40ED-8B02-583B438EE077}.Debug|ARM64.ActiveCfg = Debug|Any CPU
		{F1C0E19A-F6A0-40ED-8B02-583B438EE077}.Debug|ARM64.Build.0 = Debug|Any CPU
		{F1C0E19A-F6A0-40ED-8B02-583B438EE077}.Debug|ARM64.Deploy.0 = Debug|Any CPU
		{F1C0E19A-F6A0-40ED-8B02-583B438EE077}.Debug|x64.ActiveCfg = Debug|Any CPU
		{F1C0E19A-F6A0-40ED-8B02-583B438EE077}.Debug|x64.Build.0 = Debug|Any CPU
		{F1C0E19A-F6A0-40ED-8B02-583B438EE077}.Debug|x64.Deploy.0 = Debug|Any CPU
		{F1C0E19A-F6A0-40ED-8B02-583B438EE077}.Debug|x86.ActiveCfg = Debug|Any CPU
		{F1C0E19A-F6A0-40ED-8B02-583B438EE077}.Debug|x86.Build.0 = Debug|Any CPU
		{F1C0E19A-F6A0-40ED-8B02-583B438EE077}.Debug|x86.Deploy.0 = Debug|Any CPU
		{F1C0E19A-F6A0-40ED-8B02-583B438EE077}.exclude-maui.slnf|Any CPU.ActiveCfg = exclude-maui.slnf|Any CPU
		{F1C0E19A-F6A0-40ED-8B02-583B438EE077}.exclude-maui.slnf|ARM.ActiveCfg = exclude-maui.slnf|Any CPU
		{F1C0E19A-F6A0-40ED-8B02-583B438EE077}.exclude-maui.slnf|ARM.Build.0 = exclude-maui.slnf|Any CPU
		{F1C0E19A-F6A0-40ED-8B02-583B438EE077}.exclude-maui.slnf|ARM.Deploy.0 = exclude-maui.slnf|Any CPU
		{F1C0E19A-F6A0-40ED-8B02-583B438EE077}.exclude-maui.slnf|ARM64.ActiveCfg = exclude-maui.slnf|Any CPU
		{F1C0E19A-F6A0-40ED-8B02-583B438EE077}.exclude-maui.slnf|ARM64.Build.0 = exclude-maui.slnf|Any CPU
		{F1C0E19A-F6A0-40ED-8B02-583B438EE077}.exclude-maui.slnf|ARM64.Deploy.0 = exclude-maui.slnf|Any CPU
		{F1C0E19A-F6A0-40ED-8B02-583B438EE077}.exclude-maui.slnf|x64.ActiveCfg = exclude-maui.slnf|Any CPU
		{F1C0E19A-F6A0-40ED-8B02-583B438EE077}.exclude-maui.slnf|x64.Build.0 = exclude-maui.slnf|Any CPU
		{F1C0E19A-F6A0-40ED-8B02-583B438EE077}.exclude-maui.slnf|x64.Deploy.0 = exclude-maui.slnf|Any CPU
		{F1C0E19A-F6A0-40ED-8B02-583B438EE077}.exclude-maui.slnf|x86.ActiveCfg = exclude-maui.slnf|Any CPU
		{F1C0E19A-F6A0-40ED-8B02-583B438EE077}.exclude-maui.slnf|x86.Build.0 = exclude-maui.slnf|Any CPU
		{F1C0E19A-F6A0-40ED-8B02-583B438EE077}.exclude-maui.slnf|x86.Deploy.0 = exclude-maui.slnf|Any CPU
		{F1C0E19A-F6A0-40ED-8B02-583B438EE077}.Release|Any CPU.ActiveCfg = Release|Any CPU
		{F1C0E19A-F6A0-40ED-8B02-583B438EE077}.Release|ARM.ActiveCfg = Release|Any CPU
		{F1C0E19A-F6A0-40ED-8B02-583B438EE077}.Release|ARM.Build.0 = Release|Any CPU
		{F1C0E19A-F6A0-40ED-8B02-583B438EE077}.Release|ARM.Deploy.0 = Release|Any CPU
		{F1C0E19A-F6A0-40ED-8B02-583B438EE077}.Release|ARM64.ActiveCfg = Release|Any CPU
		{F1C0E19A-F6A0-40ED-8B02-583B438EE077}.Release|ARM64.Build.0 = Release|Any CPU
		{F1C0E19A-F6A0-40ED-8B02-583B438EE077}.Release|ARM64.Deploy.0 = Release|Any CPU
		{F1C0E19A-F6A0-40ED-8B02-583B438EE077}.Release|x64.ActiveCfg = Release|Any CPU
		{F1C0E19A-F6A0-40ED-8B02-583B438EE077}.Release|x64.Build.0 = Release|Any CPU
		{F1C0E19A-F6A0-40ED-8B02-583B438EE077}.Release|x64.Deploy.0 = Release|Any CPU
		{F1C0E19A-F6A0-40ED-8B02-583B438EE077}.Release|x86.ActiveCfg = Release|Any CPU
		{F1C0E19A-F6A0-40ED-8B02-583B438EE077}.Release|x86.Build.0 = Release|Any CPU
		{F1C0E19A-F6A0-40ED-8B02-583B438EE077}.Release|x86.Deploy.0 = Release|Any CPU
		{8A8BE567-D047-4671-8FAD-960132DFD3AF}.Debug|Any CPU.ActiveCfg = Debug|Any CPU
		{8A8BE567-D047-4671-8FAD-960132DFD3AF}.Debug|Any CPU.Build.0 = Debug|Any CPU
		{8A8BE567-D047-4671-8FAD-960132DFD3AF}.Debug|ARM.ActiveCfg = Debug|Any CPU
		{8A8BE567-D047-4671-8FAD-960132DFD3AF}.Debug|ARM.Build.0 = Debug|Any CPU
		{8A8BE567-D047-4671-8FAD-960132DFD3AF}.Debug|ARM64.ActiveCfg = Debug|Any CPU
		{8A8BE567-D047-4671-8FAD-960132DFD3AF}.Debug|ARM64.Build.0 = Debug|Any CPU
		{8A8BE567-D047-4671-8FAD-960132DFD3AF}.Debug|x64.ActiveCfg = Debug|Any CPU
		{8A8BE567-D047-4671-8FAD-960132DFD3AF}.Debug|x64.Build.0 = Debug|Any CPU
		{8A8BE567-D047-4671-8FAD-960132DFD3AF}.Debug|x86.ActiveCfg = Debug|Any CPU
		{8A8BE567-D047-4671-8FAD-960132DFD3AF}.Debug|x86.Build.0 = Debug|Any CPU
		{8A8BE567-D047-4671-8FAD-960132DFD3AF}.exclude-maui.slnf|Any CPU.ActiveCfg = exclude-maui.slnf|Any CPU
		{8A8BE567-D047-4671-8FAD-960132DFD3AF}.exclude-maui.slnf|Any CPU.Build.0 = exclude-maui.slnf|Any CPU
		{8A8BE567-D047-4671-8FAD-960132DFD3AF}.exclude-maui.slnf|ARM.ActiveCfg = exclude-maui.slnf|Any CPU
		{8A8BE567-D047-4671-8FAD-960132DFD3AF}.exclude-maui.slnf|ARM.Build.0 = exclude-maui.slnf|Any CPU
		{8A8BE567-D047-4671-8FAD-960132DFD3AF}.exclude-maui.slnf|ARM64.ActiveCfg = exclude-maui.slnf|Any CPU
		{8A8BE567-D047-4671-8FAD-960132DFD3AF}.exclude-maui.slnf|ARM64.Build.0 = exclude-maui.slnf|Any CPU
		{8A8BE567-D047-4671-8FAD-960132DFD3AF}.exclude-maui.slnf|x64.ActiveCfg = exclude-maui.slnf|Any CPU
		{8A8BE567-D047-4671-8FAD-960132DFD3AF}.exclude-maui.slnf|x64.Build.0 = exclude-maui.slnf|Any CPU
		{8A8BE567-D047-4671-8FAD-960132DFD3AF}.exclude-maui.slnf|x86.ActiveCfg = exclude-maui.slnf|Any CPU
		{8A8BE567-D047-4671-8FAD-960132DFD3AF}.exclude-maui.slnf|x86.Build.0 = exclude-maui.slnf|Any CPU
		{8A8BE567-D047-4671-8FAD-960132DFD3AF}.Release|Any CPU.ActiveCfg = Release|Any CPU
		{8A8BE567-D047-4671-8FAD-960132DFD3AF}.Release|Any CPU.Build.0 = Release|Any CPU
		{8A8BE567-D047-4671-8FAD-960132DFD3AF}.Release|ARM.ActiveCfg = Release|Any CPU
		{8A8BE567-D047-4671-8FAD-960132DFD3AF}.Release|ARM.Build.0 = Release|Any CPU
		{8A8BE567-D047-4671-8FAD-960132DFD3AF}.Release|ARM64.ActiveCfg = Release|Any CPU
		{8A8BE567-D047-4671-8FAD-960132DFD3AF}.Release|ARM64.Build.0 = Release|Any CPU
		{8A8BE567-D047-4671-8FAD-960132DFD3AF}.Release|x64.ActiveCfg = Release|Any CPU
		{8A8BE567-D047-4671-8FAD-960132DFD3AF}.Release|x64.Build.0 = Release|Any CPU
		{8A8BE567-D047-4671-8FAD-960132DFD3AF}.Release|x86.ActiveCfg = Release|Any CPU
		{8A8BE567-D047-4671-8FAD-960132DFD3AF}.Release|x86.Build.0 = Release|Any CPU
		{BF394FED-6BBC-4CFB-BE82-CC89CC01D8E3}.Debug|Any CPU.ActiveCfg = Debug|Any CPU
		{BF394FED-6BBC-4CFB-BE82-CC89CC01D8E3}.Debug|Any CPU.Build.0 = Debug|Any CPU
		{BF394FED-6BBC-4CFB-BE82-CC89CC01D8E3}.Debug|Any CPU.Deploy.0 = Debug|Any CPU
		{BF394FED-6BBC-4CFB-BE82-CC89CC01D8E3}.Debug|ARM.ActiveCfg = Debug|ARM
		{BF394FED-6BBC-4CFB-BE82-CC89CC01D8E3}.Debug|ARM.Build.0 = Debug|ARM
		{BF394FED-6BBC-4CFB-BE82-CC89CC01D8E3}.Debug|ARM.Deploy.0 = Debug|ARM
		{BF394FED-6BBC-4CFB-BE82-CC89CC01D8E3}.Debug|ARM64.ActiveCfg = Debug|ARM64
		{BF394FED-6BBC-4CFB-BE82-CC89CC01D8E3}.Debug|ARM64.Build.0 = Debug|ARM64
		{BF394FED-6BBC-4CFB-BE82-CC89CC01D8E3}.Debug|ARM64.Deploy.0 = Debug|ARM64
		{BF394FED-6BBC-4CFB-BE82-CC89CC01D8E3}.Debug|x64.ActiveCfg = Debug|x64
		{BF394FED-6BBC-4CFB-BE82-CC89CC01D8E3}.Debug|x64.Build.0 = Debug|x64
		{BF394FED-6BBC-4CFB-BE82-CC89CC01D8E3}.Debug|x64.Deploy.0 = Debug|x64
		{BF394FED-6BBC-4CFB-BE82-CC89CC01D8E3}.Debug|x86.ActiveCfg = Debug|x86
		{BF394FED-6BBC-4CFB-BE82-CC89CC01D8E3}.Debug|x86.Build.0 = Debug|x86
		{BF394FED-6BBC-4CFB-BE82-CC89CC01D8E3}.Debug|x86.Deploy.0 = Debug|x86
		{BF394FED-6BBC-4CFB-BE82-CC89CC01D8E3}.exclude-maui.slnf|Any CPU.ActiveCfg = Release|Any CPU
		{BF394FED-6BBC-4CFB-BE82-CC89CC01D8E3}.exclude-maui.slnf|Any CPU.Build.0 = Release|Any CPU
		{BF394FED-6BBC-4CFB-BE82-CC89CC01D8E3}.exclude-maui.slnf|Any CPU.Deploy.0 = Release|Any CPU
		{BF394FED-6BBC-4CFB-BE82-CC89CC01D8E3}.exclude-maui.slnf|ARM.ActiveCfg = Release|ARM
		{BF394FED-6BBC-4CFB-BE82-CC89CC01D8E3}.exclude-maui.slnf|ARM.Build.0 = Release|ARM
		{BF394FED-6BBC-4CFB-BE82-CC89CC01D8E3}.exclude-maui.slnf|ARM.Deploy.0 = Release|ARM
		{BF394FED-6BBC-4CFB-BE82-CC89CC01D8E3}.exclude-maui.slnf|ARM64.ActiveCfg = Release|ARM64
		{BF394FED-6BBC-4CFB-BE82-CC89CC01D8E3}.exclude-maui.slnf|ARM64.Build.0 = Release|ARM64
		{BF394FED-6BBC-4CFB-BE82-CC89CC01D8E3}.exclude-maui.slnf|ARM64.Deploy.0 = Release|ARM64
		{BF394FED-6BBC-4CFB-BE82-CC89CC01D8E3}.exclude-maui.slnf|x64.ActiveCfg = Release|x64
		{BF394FED-6BBC-4CFB-BE82-CC89CC01D8E3}.exclude-maui.slnf|x64.Build.0 = Release|x64
		{BF394FED-6BBC-4CFB-BE82-CC89CC01D8E3}.exclude-maui.slnf|x64.Deploy.0 = Release|x64
		{BF394FED-6BBC-4CFB-BE82-CC89CC01D8E3}.exclude-maui.slnf|x86.ActiveCfg = Release|x86
		{BF394FED-6BBC-4CFB-BE82-CC89CC01D8E3}.exclude-maui.slnf|x86.Build.0 = Release|x86
		{BF394FED-6BBC-4CFB-BE82-CC89CC01D8E3}.exclude-maui.slnf|x86.Deploy.0 = Release|x86
		{BF394FED-6BBC-4CFB-BE82-CC89CC01D8E3}.Release|Any CPU.ActiveCfg = Release|Any CPU
		{BF394FED-6BBC-4CFB-BE82-CC89CC01D8E3}.Release|Any CPU.Build.0 = Release|Any CPU
		{BF394FED-6BBC-4CFB-BE82-CC89CC01D8E3}.Release|Any CPU.Deploy.0 = Release|Any CPU
		{BF394FED-6BBC-4CFB-BE82-CC89CC01D8E3}.Release|ARM.ActiveCfg = Release|ARM
		{BF394FED-6BBC-4CFB-BE82-CC89CC01D8E3}.Release|ARM.Build.0 = Release|ARM
		{BF394FED-6BBC-4CFB-BE82-CC89CC01D8E3}.Release|ARM.Deploy.0 = Release|ARM
		{BF394FED-6BBC-4CFB-BE82-CC89CC01D8E3}.Release|ARM64.ActiveCfg = Release|ARM64
		{BF394FED-6BBC-4CFB-BE82-CC89CC01D8E3}.Release|ARM64.Build.0 = Release|ARM64
		{BF394FED-6BBC-4CFB-BE82-CC89CC01D8E3}.Release|ARM64.Deploy.0 = Release|ARM64
		{BF394FED-6BBC-4CFB-BE82-CC89CC01D8E3}.Release|x64.ActiveCfg = Release|x64
		{BF394FED-6BBC-4CFB-BE82-CC89CC01D8E3}.Release|x64.Build.0 = Release|x64
		{BF394FED-6BBC-4CFB-BE82-CC89CC01D8E3}.Release|x64.Deploy.0 = Release|x64
		{BF394FED-6BBC-4CFB-BE82-CC89CC01D8E3}.Release|x86.ActiveCfg = Release|x86
		{BF394FED-6BBC-4CFB-BE82-CC89CC01D8E3}.Release|x86.Build.0 = Release|x86
		{BF394FED-6BBC-4CFB-BE82-CC89CC01D8E3}.Release|x86.Deploy.0 = Release|x86
		{66B452FC-D12A-42A9-80E9-FC97074AC2B1}.Debug|Any CPU.ActiveCfg = Debug|Any CPU
		{66B452FC-D12A-42A9-80E9-FC97074AC2B1}.Debug|Any CPU.Build.0 = Debug|Any CPU
		{66B452FC-D12A-42A9-80E9-FC97074AC2B1}.Debug|ARM.ActiveCfg = Debug|Any CPU
		{66B452FC-D12A-42A9-80E9-FC97074AC2B1}.Debug|ARM.Build.0 = Debug|Any CPU
		{66B452FC-D12A-42A9-80E9-FC97074AC2B1}.Debug|ARM64.ActiveCfg = Debug|Any CPU
		{66B452FC-D12A-42A9-80E9-FC97074AC2B1}.Debug|ARM64.Build.0 = Debug|Any CPU
		{66B452FC-D12A-42A9-80E9-FC97074AC2B1}.Debug|x64.ActiveCfg = Debug|Any CPU
		{66B452FC-D12A-42A9-80E9-FC97074AC2B1}.Debug|x64.Build.0 = Debug|Any CPU
		{66B452FC-D12A-42A9-80E9-FC97074AC2B1}.Debug|x86.ActiveCfg = Debug|Any CPU
		{66B452FC-D12A-42A9-80E9-FC97074AC2B1}.Debug|x86.Build.0 = Debug|Any CPU
		{66B452FC-D12A-42A9-80E9-FC97074AC2B1}.exclude-maui.slnf|Any CPU.ActiveCfg = Release|Any CPU
		{66B452FC-D12A-42A9-80E9-FC97074AC2B1}.exclude-maui.slnf|Any CPU.Build.0 = Release|Any CPU
		{66B452FC-D12A-42A9-80E9-FC97074AC2B1}.exclude-maui.slnf|ARM.ActiveCfg = Release|Any CPU
		{66B452FC-D12A-42A9-80E9-FC97074AC2B1}.exclude-maui.slnf|ARM.Build.0 = Release|Any CPU
		{66B452FC-D12A-42A9-80E9-FC97074AC2B1}.exclude-maui.slnf|ARM64.ActiveCfg = Release|Any CPU
		{66B452FC-D12A-42A9-80E9-FC97074AC2B1}.exclude-maui.slnf|ARM64.Build.0 = Release|Any CPU
		{66B452FC-D12A-42A9-80E9-FC97074AC2B1}.exclude-maui.slnf|x64.ActiveCfg = Release|Any CPU
		{66B452FC-D12A-42A9-80E9-FC97074AC2B1}.exclude-maui.slnf|x64.Build.0 = Release|Any CPU
		{66B452FC-D12A-42A9-80E9-FC97074AC2B1}.exclude-maui.slnf|x86.ActiveCfg = Release|Any CPU
		{66B452FC-D12A-42A9-80E9-FC97074AC2B1}.exclude-maui.slnf|x86.Build.0 = Release|Any CPU
		{66B452FC-D12A-42A9-80E9-FC97074AC2B1}.Release|Any CPU.ActiveCfg = Release|Any CPU
		{66B452FC-D12A-42A9-80E9-FC97074AC2B1}.Release|Any CPU.Build.0 = Release|Any CPU
		{66B452FC-D12A-42A9-80E9-FC97074AC2B1}.Release|ARM.ActiveCfg = Release|Any CPU
		{66B452FC-D12A-42A9-80E9-FC97074AC2B1}.Release|ARM.Build.0 = Release|Any CPU
		{66B452FC-D12A-42A9-80E9-FC97074AC2B1}.Release|ARM64.ActiveCfg = Release|Any CPU
		{66B452FC-D12A-42A9-80E9-FC97074AC2B1}.Release|ARM64.Build.0 = Release|Any CPU
		{66B452FC-D12A-42A9-80E9-FC97074AC2B1}.Release|x64.ActiveCfg = Release|Any CPU
		{66B452FC-D12A-42A9-80E9-FC97074AC2B1}.Release|x64.Build.0 = Release|Any CPU
		{66B452FC-D12A-42A9-80E9-FC97074AC2B1}.Release|x86.ActiveCfg = Release|Any CPU
		{66B452FC-D12A-42A9-80E9-FC97074AC2B1}.Release|x86.Build.0 = Release|Any CPU
	EndGlobalSection
	GlobalSection(SolutionProperties) = preSolution
		HideSolutionNode = FALSE
	EndGlobalSection
	GlobalSection(ExtensibilityGlobals) = postSolution
		SolutionGuid = {80E6D3CD-1834-4E2A-B181-6FE21C60C60C}
	EndGlobalSection
EndGlobal
